// !$*UTF8*$!
{
	archiveVersion = 1;
	classes = {
	};
	objectVersion = 54;
	objects = {

/* Begin PBXBuildFile section */
		00E356F31AD99517003FC87E /* digitalwalletTests.m in Sources */ = {isa = PBXBuildFile; fileRef = 00E356F21AD99517003FC87E /* digitalwalletTests.m */; };
		13B07FBC1A68108700A75B9A /* AppDelegate.m in Sources */ = {isa = PBXBuildFile; fileRef = 13B07FB01A68108700A75B9A /* AppDelegate.m */; };
		13B07FBF1A68108700A75B9A /* Images.xcassets in Resources */ = {isa = PBXBuildFile; fileRef = 13B07FB51A68108700A75B9A /* Images.xcassets */; };
		13B07FC11A68108700A75B9A /* main.m in Sources */ = {isa = PBXBuildFile; fileRef = 13B07FB71A68108700A75B9A /* main.m */; };
		81AB9BB82411601600AC10FF /* LaunchScreen.storyboard in Resources */ = {isa = PBXBuildFile; fileRef = 81AB9BB72411601600AC10FF /* LaunchScreen.storyboard */; };
		7E3FDC9881234A04BCCDAAD1 /* Roboto-Black.ttf in Resources */ = {isa = PBXBuildFile; fileRef = 893FFC66AF0046C7B38BE8F5 /* Roboto-Black.ttf */; };
		F8C4C57A692D42D6B02F6265 /* Roboto-BlackItalic.ttf in Resources */ = {isa = PBXBuildFile; fileRef = 3A1A69F3085144A0AA4FF50E /* Roboto-BlackItalic.ttf */; };
		F752300E8ACA4516B23660E9 /* Roboto-Bold.ttf in Resources */ = {isa = PBXBuildFile; fileRef = 6E504E31234547F19A72E46B /* Roboto-Bold.ttf */; };
		3E2733AA9B1C41198552DD04 /* Roboto-BoldItalic.ttf in Resources */ = {isa = PBXBuildFile; fileRef = 204781253126404D82992975 /* Roboto-BoldItalic.ttf */; };
		CE34EF4EEA0C4B9F87260FEC /* Roboto-Italic.ttf in Resources */ = {isa = PBXBuildFile; fileRef = B1C93C01CA604B5590199893 /* Roboto-Italic.ttf */; };
		D50BE6C109B64BF682EBF5C5 /* Roboto-Light.ttf in Resources */ = {isa = PBXBuildFile; fileRef = AE872A2AB09D4E9F8EBCB194 /* Roboto-Light.ttf */; };
		7F7E8A359ED0451FA5FDFEB1 /* Roboto-LightItalic.ttf in Resources */ = {isa = PBXBuildFile; fileRef = 02E5EC3BF1054F87A204557F /* Roboto-LightItalic.ttf */; };
		B18A67D7F13C4022B878AFF5 /* Roboto-Medium.ttf in Resources */ = {isa = PBXBuildFile; fileRef = 34EB03A3DE0340C8A62C2F5E /* Roboto-Medium.ttf */; };
		0A15E677DCAE409B9C2291D0 /* Roboto-MediumItalic.ttf in Resources */ = {isa = PBXBuildFile; fileRef = DDB19797AAFA475BBD537CC0 /* Roboto-MediumItalic.ttf */; };
		311C1BFDB9D74F8389EB5384 /* Roboto-Regular.ttf in Resources */ = {isa = PBXBuildFile; fileRef = 330071DBB7F546AE87138AD1 /* Roboto-Regular.ttf */; };
		FDABB8C1E92946FF90A66A60 /* Roboto-Thin.ttf in Resources */ = {isa = PBXBuildFile; fileRef = 8985C047C17540F1B6493C8A /* Roboto-Thin.ttf */; };
		04120040D10D4DBAA9C1FE62 /* Roboto-ThinItalic.ttf in Resources */ = {isa = PBXBuildFile; fileRef = 8F4E50FAB22B4677A7471EC4 /* Roboto-ThinItalic.ttf */; };
		28478A5A3FB44FF2A6376AAD /* RobotoCondensed-Bold.ttf in Resources */ = {isa = PBXBuildFile; fileRef = D1CBB55840FE42FAB7AA432E /* RobotoCondensed-Bold.ttf */; };
		FDD69622B91546FCA1E7D1BD /* RobotoCondensed-BoldItalic.ttf in Resources */ = {isa = PBXBuildFile; fileRef = 107ECC665E2C49089EFED275 /* RobotoCondensed-BoldItalic.ttf */; };
		4FC1567536A946949B765B64 /* RobotoCondensed-Italic.ttf in Resources */ = {isa = PBXBuildFile; fileRef = 7A4FA633E3394BABB95016BA /* RobotoCondensed-Italic.ttf */; };
		6E04B5C968DD4A54A1CC63E8 /* RobotoCondensed-Light.ttf in Resources */ = {isa = PBXBuildFile; fileRef = D954DB59F8EF463C8838258E /* RobotoCondensed-Light.ttf */; };
		CBA752C9B142482DB7D59D87 /* RobotoCondensed-LightItalic.ttf in Resources */ = {isa = PBXBuildFile; fileRef = C080B9E348834A10B8E01C14 /* RobotoCondensed-LightItalic.ttf */; };
		F5A0DE2891164FF9A2FA5E65 /* RobotoCondensed-Regular.ttf in Resources */ = {isa = PBXBuildFile; fileRef = EEFE8EB32F60494BB1CD7027 /* RobotoCondensed-Regular.ttf */; };
/* End PBXBuildFile section */

/* Begin PBXContainerItemProxy section */
		00E356F41AD99517003FC87E /* PBXContainerItemProxy */ = {
			isa = PBXContainerItemProxy;
			containerPortal = 83CBB9F71A601CBA00E9B192 /* Project object */;
			proxyType = 1;
			remoteGlobalIDString = 13B07F861A680F5B00A75B9A;
			remoteInfo = digitalwallet;
		};
/* End PBXContainerItemProxy section */

/* Begin PBXFileReference section */
		00E356EE1AD99517003FC87E /* digitalwalletTests.xctest */ = {isa = PBXFileReference; explicitFileType = wrapper.cfbundle; includeInIndex = 0; path = digitalwalletTests.xctest; sourceTree = BUILT_PRODUCTS_DIR; };
		00E356F11AD99517003FC87E /* Info.plist */ = {isa = PBXFileReference; lastKnownFileType = text.plist.xml; path = Info.plist; sourceTree = "<group>"; };
		00E356F21AD99517003FC87E /* digitalwalletTests.m */ = {isa = PBXFileReference; lastKnownFileType = sourcecode.c.objc; path = digitalwalletTests.m; sourceTree = "<group>"; };
		13B07F961A680F5B00A75B9A /* digitalwallet.app */ = {isa = PBXFileReference; explicitFileType = wrapper.application; includeInIndex = 0; path = digitalwallet.app; sourceTree = BUILT_PRODUCTS_DIR; };
		13B07FAF1A68108700A75B9A /* AppDelegate.h */ = {isa = PBXFileReference; fileEncoding = 4; lastKnownFileType = sourcecode.c.h; name = AppDelegate.h; path = digitalwallet/AppDelegate.h; sourceTree = "<group>"; };
		13B07FB01A68108700A75B9A /* AppDelegate.m */ = {isa = PBXFileReference; fileEncoding = 4; lastKnownFileType = sourcecode.c.objc; name = AppDelegate.m; path = digitalwallet/AppDelegate.m; sourceTree = "<group>"; };
		13B07FB51A68108700A75B9A /* Images.xcassets */ = {isa = PBXFileReference; lastKnownFileType = folder.assetcatalog; name = Images.xcassets; path = digitalwallet/Images.xcassets; sourceTree = "<group>"; };
		13B07FB61A68108700A75B9A /* Info.plist */ = {isa = PBXFileReference; fileEncoding = 4; lastKnownFileType = text.plist.xml; name = Info.plist; path = digitalwallet/Info.plist; sourceTree = "<group>"; };
		13B07FB71A68108700A75B9A /* main.m */ = {isa = PBXFileReference; fileEncoding = 4; lastKnownFileType = sourcecode.c.objc; name = main.m; path = digitalwallet/main.m; sourceTree = "<group>"; };
		81AB9BB72411601600AC10FF /* LaunchScreen.storyboard */ = {isa = PBXFileReference; fileEncoding = 4; lastKnownFileType = file.storyboard; name = LaunchScreen.storyboard; path = digitalwallet/LaunchScreen.storyboard; sourceTree = "<group>"; };
		ED297162215061F000B7C4FE /* JavaScriptCore.framework */ = {isa = PBXFileReference; lastKnownFileType = wrapper.framework; name = JavaScriptCore.framework; path = System/Library/Frameworks/JavaScriptCore.framework; sourceTree = SDKROOT; };
		893FFC66AF0046C7B38BE8F5 /* Roboto-Black.ttf */ = {isa = PBXFileReference; name = "Roboto-Black.ttf"; path = "../assets/fonts/Roboto-Black.ttf"; sourceTree = "<group>"; fileEncoding = undefined; lastKnownFileType = unknown; explicitFileType = undefined; includeInIndex = 0; };
		3A1A69F3085144A0AA4FF50E /* Roboto-BlackItalic.ttf */ = {isa = PBXFileReference; name = "Roboto-BlackItalic.ttf"; path = "../assets/fonts/Roboto-BlackItalic.ttf"; sourceTree = "<group>"; fileEncoding = undefined; lastKnownFileType = unknown; explicitFileType = undefined; includeInIndex = 0; };
		6E504E31234547F19A72E46B /* Roboto-Bold.ttf */ = {isa = PBXFileReference; name = "Roboto-Bold.ttf"; path = "../assets/fonts/Roboto-Bold.ttf"; sourceTree = "<group>"; fileEncoding = undefined; lastKnownFileType = unknown; explicitFileType = undefined; includeInIndex = 0; };
		204781253126404D82992975 /* Roboto-BoldItalic.ttf */ = {isa = PBXFileReference; name = "Roboto-BoldItalic.ttf"; path = "../assets/fonts/Roboto-BoldItalic.ttf"; sourceTree = "<group>"; fileEncoding = undefined; lastKnownFileType = unknown; explicitFileType = undefined; includeInIndex = 0; };
		B1C93C01CA604B5590199893 /* Roboto-Italic.ttf */ = {isa = PBXFileReference; name = "Roboto-Italic.ttf"; path = "../assets/fonts/Roboto-Italic.ttf"; sourceTree = "<group>"; fileEncoding = undefined; lastKnownFileType = unknown; explicitFileType = undefined; includeInIndex = 0; };
		AE872A2AB09D4E9F8EBCB194 /* Roboto-Light.ttf */ = {isa = PBXFileReference; name = "Roboto-Light.ttf"; path = "../assets/fonts/Roboto-Light.ttf"; sourceTree = "<group>"; fileEncoding = undefined; lastKnownFileType = unknown; explicitFileType = undefined; includeInIndex = 0; };
		02E5EC3BF1054F87A204557F /* Roboto-LightItalic.ttf */ = {isa = PBXFileReference; name = "Roboto-LightItalic.ttf"; path = "../assets/fonts/Roboto-LightItalic.ttf"; sourceTree = "<group>"; fileEncoding = undefined; lastKnownFileType = unknown; explicitFileType = undefined; includeInIndex = 0; };
		34EB03A3DE0340C8A62C2F5E /* Roboto-Medium.ttf */ = {isa = PBXFileReference; name = "Roboto-Medium.ttf"; path = "../assets/fonts/Roboto-Medium.ttf"; sourceTree = "<group>"; fileEncoding = undefined; lastKnownFileType = unknown; explicitFileType = undefined; includeInIndex = 0; };
		DDB19797AAFA475BBD537CC0 /* Roboto-MediumItalic.ttf */ = {isa = PBXFileReference; name = "Roboto-MediumItalic.ttf"; path = "../assets/fonts/Roboto-MediumItalic.ttf"; sourceTree = "<group>"; fileEncoding = undefined; lastKnownFileType = unknown; explicitFileType = undefined; includeInIndex = 0; };
		330071DBB7F546AE87138AD1 /* Roboto-Regular.ttf */ = {isa = PBXFileReference; name = "Roboto-Regular.ttf"; path = "../assets/fonts/Roboto-Regular.ttf"; sourceTree = "<group>"; fileEncoding = undefined; lastKnownFileType = unknown; explicitFileType = undefined; includeInIndex = 0; };
		8985C047C17540F1B6493C8A /* Roboto-Thin.ttf */ = {isa = PBXFileReference; name = "Roboto-Thin.ttf"; path = "../assets/fonts/Roboto-Thin.ttf"; sourceTree = "<group>"; fileEncoding = undefined; lastKnownFileType = unknown; explicitFileType = undefined; includeInIndex = 0; };
		8F4E50FAB22B4677A7471EC4 /* Roboto-ThinItalic.ttf */ = {isa = PBXFileReference; name = "Roboto-ThinItalic.ttf"; path = "../assets/fonts/Roboto-ThinItalic.ttf"; sourceTree = "<group>"; fileEncoding = undefined; lastKnownFileType = unknown; explicitFileType = undefined; includeInIndex = 0; };
		D1CBB55840FE42FAB7AA432E /* RobotoCondensed-Bold.ttf */ = {isa = PBXFileReference; name = "RobotoCondensed-Bold.ttf"; path = "../assets/fonts/RobotoCondensed-Bold.ttf"; sourceTree = "<group>"; fileEncoding = undefined; lastKnownFileType = unknown; explicitFileType = undefined; includeInIndex = 0; };
		107ECC665E2C49089EFED275 /* RobotoCondensed-BoldItalic.ttf */ = {isa = PBXFileReference; name = "RobotoCondensed-BoldItalic.ttf"; path = "../assets/fonts/RobotoCondensed-BoldItalic.ttf"; sourceTree = "<group>"; fileEncoding = undefined; lastKnownFileType = unknown; explicitFileType = undefined; includeInIndex = 0; };
		7A4FA633E3394BABB95016BA /* RobotoCondensed-Italic.ttf */ = {isa = PBXFileReference; name = "RobotoCondensed-Italic.ttf"; path = "../assets/fonts/RobotoCondensed-Italic.ttf"; sourceTree = "<group>"; fileEncoding = undefined; lastKnownFileType = unknown; explicitFileType = undefined; includeInIndex = 0; };
		D954DB59F8EF463C8838258E /* RobotoCondensed-Light.ttf */ = {isa = PBXFileReference; name = "RobotoCondensed-Light.ttf"; path = "../assets/fonts/RobotoCondensed-Light.ttf"; sourceTree = "<group>"; fileEncoding = undefined; lastKnownFileType = unknown; explicitFileType = undefined; includeInIndex = 0; };
		C080B9E348834A10B8E01C14 /* RobotoCondensed-LightItalic.ttf */ = {isa = PBXFileReference; name = "RobotoCondensed-LightItalic.ttf"; path = "../assets/fonts/RobotoCondensed-LightItalic.ttf"; sourceTree = "<group>"; fileEncoding = undefined; lastKnownFileType = unknown; explicitFileType = undefined; includeInIndex = 0; };
		EEFE8EB32F60494BB1CD7027 /* RobotoCondensed-Regular.ttf */ = {isa = PBXFileReference; name = "RobotoCondensed-Regular.ttf"; path = "../assets/fonts/RobotoCondensed-Regular.ttf"; sourceTree = "<group>"; fileEncoding = undefined; lastKnownFileType = unknown; explicitFileType = undefined; includeInIndex = 0; };
/* End PBXFileReference section */

/* Begin PBXFrameworksBuildPhase section */
		00E356EB1AD99517003FC87E /* Frameworks */ = {
			isa = PBXFrameworksBuildPhase;
			buildActionMask = 2147483647;
			files = (
			);
			runOnlyForDeploymentPostprocessing = 0;
		};
		13B07F8C1A680F5B00A75B9A /* Frameworks */ = {
			isa = PBXFrameworksBuildPhase;
			buildActionMask = 2147483647;
			files = (
			);
			runOnlyForDeploymentPostprocessing = 0;
		};
/* End PBXFrameworksBuildPhase section */

/* Begin PBXGroup section */
		00E356EF1AD99517003FC87E /* digitalwalletTests */ = {
			isa = PBXGroup;
			children = (
				00E356F21AD99517003FC87E /* digitalwalletTests.m */,
				00E356F01AD99517003FC87E /* Supporting Files */,
			);
			path = digitalwalletTests;
			sourceTree = "<group>";
		};
		00E356F01AD99517003FC87E /* Supporting Files */ = {
			isa = PBXGroup;
			children = (
				00E356F11AD99517003FC87E /* Info.plist */,
			);
			name = "Supporting Files";
			sourceTree = "<group>";
		};
		13B07FAE1A68108700A75B9A /* digitalwallet */ = {
			isa = PBXGroup;
			children = (
				13B07FAF1A68108700A75B9A /* AppDelegate.h */,
				13B07FB01A68108700A75B9A /* AppDelegate.m */,
				13B07FB51A68108700A75B9A /* Images.xcassets */,
				13B07FB61A68108700A75B9A /* Info.plist */,
				81AB9BB72411601600AC10FF /* LaunchScreen.storyboard */,
				13B07FB71A68108700A75B9A /* main.m */,
			);
			name = digitalwallet;
			sourceTree = "<group>";
		};
		2D16E6871FA4F8E400B85C8A /* Frameworks */ = {
			isa = PBXGroup;
			children = (
				ED297162215061F000B7C4FE /* JavaScriptCore.framework */,
			);
			name = Frameworks;
			sourceTree = "<group>";
		};
		832341AE1AAA6A7D00B99B32 /* Libraries */ = {
			isa = PBXGroup;
			children = (
			);
			name = Libraries;
			sourceTree = "<group>";
		};
		83CBB9F61A601CBA00E9B192 = {
			isa = PBXGroup;
			children = (
				13B07FAE1A68108700A75B9A /* digitalwallet */,
				832341AE1AAA6A7D00B99B32 /* Libraries */,
				00E356EF1AD99517003FC87E /* digitalwalletTests */,
				83CBBA001A601CBA00E9B192 /* Products */,
				2D16E6871FA4F8E400B85C8A /* Frameworks */,
				D9D61D45CB404682AE9858A6 /* Resources */,
			);
			indentWidth = 2;
			sourceTree = "<group>";
			tabWidth = 2;
			usesTabs = 0;
		};
		83CBBA001A601CBA00E9B192 /* Products */ = {
			isa = PBXGroup;
			children = (
				13B07F961A680F5B00A75B9A /* digitalwallet.app */,
				00E356EE1AD99517003FC87E /* digitalwalletTests.xctest */,
			);
			name = Products;
			sourceTree = "<group>";
		};
		D9D61D45CB404682AE9858A6 /* Resources */ = {
			isa = "PBXGroup";
			children = (
				893FFC66AF0046C7B38BE8F5 /* Roboto-Black.ttf */,
				3A1A69F3085144A0AA4FF50E /* Roboto-BlackItalic.ttf */,
				6E504E31234547F19A72E46B /* Roboto-Bold.ttf */,
				204781253126404D82992975 /* Roboto-BoldItalic.ttf */,
				B1C93C01CA604B5590199893 /* Roboto-Italic.ttf */,
				AE872A2AB09D4E9F8EBCB194 /* Roboto-Light.ttf */,
				02E5EC3BF1054F87A204557F /* Roboto-LightItalic.ttf */,
				34EB03A3DE0340C8A62C2F5E /* Roboto-Medium.ttf */,
				DDB19797AAFA475BBD537CC0 /* Roboto-MediumItalic.ttf */,
				330071DBB7F546AE87138AD1 /* Roboto-Regular.ttf */,
				8985C047C17540F1B6493C8A /* Roboto-Thin.ttf */,
				8F4E50FAB22B4677A7471EC4 /* Roboto-ThinItalic.ttf */,
				D1CBB55840FE42FAB7AA432E /* RobotoCondensed-Bold.ttf */,
				107ECC665E2C49089EFED275 /* RobotoCondensed-BoldItalic.ttf */,
				7A4FA633E3394BABB95016BA /* RobotoCondensed-Italic.ttf */,
				D954DB59F8EF463C8838258E /* RobotoCondensed-Light.ttf */,
				C080B9E348834A10B8E01C14 /* RobotoCondensed-LightItalic.ttf */,
				EEFE8EB32F60494BB1CD7027 /* RobotoCondensed-Regular.ttf */,
			);
			name = Resources;
			sourceTree = "<group>";
			path = "";
		};
/* End PBXGroup section */

/* Begin PBXNativeTarget section */
		00E356ED1AD99517003FC87E /* digitalwalletTests */ = {
			isa = PBXNativeTarget;
			buildConfigurationList = 00E357021AD99517003FC87E /* Build configuration list for PBXNativeTarget "digitalwalletTests" */;
			buildPhases = (
				00E356EA1AD99517003FC87E /* Sources */,
				00E356EB1AD99517003FC87E /* Frameworks */,
				00E356EC1AD99517003FC87E /* Resources */,
			);
			buildRules = (
			);
			dependencies = (
				00E356F51AD99517003FC87E /* PBXTargetDependency */,
			);
			name = digitalwalletTests;
			productName = digitalwalletTests;
			productReference = 00E356EE1AD99517003FC87E /* digitalwalletTests.xctest */;
			productType = "com.apple.product-type.bundle.unit-test";
		};
		13B07F861A680F5B00A75B9A /* digitalwallet */ = {
			isa = PBXNativeTarget;
			buildConfigurationList = 13B07F931A680F5B00A75B9A /* Build configuration list for PBXNativeTarget "digitalwallet" */;
			buildPhases = (
				FD10A7F022414F080027D42C /* Start Packager */,
				13B07F871A680F5B00A75B9A /* Sources */,
				13B07F8C1A680F5B00A75B9A /* Frameworks */,
				13B07F8E1A680F5B00A75B9A /* Resources */,
				00DD1BFF1BD5951E006B06BC /* Bundle React Native code and images */,
			);
			buildRules = (
			);
			dependencies = (
			);
			name = digitalwallet;
			productName = digitalwallet;
			productReference = 13B07F961A680F5B00A75B9A /* digitalwallet.app */;
			productType = "com.apple.product-type.application";
		};
/* End PBXNativeTarget section */

/* Begin PBXProject section */
		83CBB9F71A601CBA00E9B192 /* Project object */ = {
			isa = PBXProject;
			attributes = {
				LastUpgradeCheck = 1210;
				TargetAttributes = {
					00E356ED1AD99517003FC87E = {
						CreatedOnToolsVersion = 6.2;
						TestTargetID = 13B07F861A680F5B00A75B9A;
					};
					13B07F861A680F5B00A75B9A = {
						LastSwiftMigration = 1120;
					};
				};
			};
			buildConfigurationList = 83CBB9FA1A601CBA00E9B192 /* Build configuration list for PBXProject "digitalwallet" */;
			compatibilityVersion = "Xcode 12.0";
			developmentRegion = en;
			hasScannedForEncodings = 0;
			knownRegions = (
				en,
				Base,
			);
			mainGroup = 83CBB9F61A601CBA00E9B192;
			productRefGroup = 83CBBA001A601CBA00E9B192 /* Products */;
			projectDirPath = "";
			projectRoot = "";
			targets = (
				13B07F861A680F5B00A75B9A /* digitalwallet */,
				00E356ED1AD99517003FC87E /* digitalwalletTests */,
			);
		};
/* End PBXProject section */

/* Begin PBXResourcesBuildPhase section */
		00E356EC1AD99517003FC87E /* Resources */ = {
			isa = PBXResourcesBuildPhase;
			buildActionMask = 2147483647;
			files = (
			);
			runOnlyForDeploymentPostprocessing = 0;
		};
		13B07F8E1A680F5B00A75B9A /* Resources */ = {
			isa = PBXResourcesBuildPhase;
			buildActionMask = 2147483647;
			files = (
				81AB9BB82411601600AC10FF /* LaunchScreen.storyboard in Resources */,
				13B07FBF1A68108700A75B9A /* Images.xcassets in Resources */,
				7E3FDC9881234A04BCCDAAD1 /* Roboto-Black.ttf in Resources */,
				F8C4C57A692D42D6B02F6265 /* Roboto-BlackItalic.ttf in Resources */,
				F752300E8ACA4516B23660E9 /* Roboto-Bold.ttf in Resources */,
				3E2733AA9B1C41198552DD04 /* Roboto-BoldItalic.ttf in Resources */,
				CE34EF4EEA0C4B9F87260FEC /* Roboto-Italic.ttf in Resources */,
				D50BE6C109B64BF682EBF5C5 /* Roboto-Light.ttf in Resources */,
				7F7E8A359ED0451FA5FDFEB1 /* Roboto-LightItalic.ttf in Resources */,
				B18A67D7F13C4022B878AFF5 /* Roboto-Medium.ttf in Resources */,
				0A15E677DCAE409B9C2291D0 /* Roboto-MediumItalic.ttf in Resources */,
				311C1BFDB9D74F8389EB5384 /* Roboto-Regular.ttf in Resources */,
				FDABB8C1E92946FF90A66A60 /* Roboto-Thin.ttf in Resources */,
				04120040D10D4DBAA9C1FE62 /* Roboto-ThinItalic.ttf in Resources */,
				28478A5A3FB44FF2A6376AAD /* RobotoCondensed-Bold.ttf in Resources */,
				FDD69622B91546FCA1E7D1BD /* RobotoCondensed-BoldItalic.ttf in Resources */,
				4FC1567536A946949B765B64 /* RobotoCondensed-Italic.ttf in Resources */,
				6E04B5C968DD4A54A1CC63E8 /* RobotoCondensed-Light.ttf in Resources */,
				CBA752C9B142482DB7D59D87 /* RobotoCondensed-LightItalic.ttf in Resources */,
				F5A0DE2891164FF9A2FA5E65 /* RobotoCondensed-Regular.ttf in Resources */,
			);
			runOnlyForDeploymentPostprocessing = 0;
		};
/* End PBXResourcesBuildPhase section */

/* Begin PBXShellScriptBuildPhase section */
		00DD1BFF1BD5951E006B06BC /* Bundle React Native code and images */ = {
			isa = PBXShellScriptBuildPhase;
			buildActionMask = 2147483647;
			files = (
			);
			inputPaths = (
			);
			name = "Bundle React Native code and images";
			outputPaths = (
			);
			runOnlyForDeploymentPostprocessing = 0;
			shellPath = /bin/sh;
			shellScript = "set -e\n\nexport NODE_BINARY=node\n../node_modules/react-native/scripts/react-native-xcode.sh\n";
		};
		FD10A7F022414F080027D42C /* Start Packager */ = {
			isa = PBXShellScriptBuildPhase;
			buildActionMask = 2147483647;
			files = (
			);
			inputFileListPaths = (
			);
			inputPaths = (
			);
			name = "Start Packager";
			outputFileListPaths = (
			);
			outputPaths = (
			);
			runOnlyForDeploymentPostprocessing = 0;
			shellPath = /bin/sh;
			shellScript = "export RCT_METRO_PORT=\"${RCT_METRO_PORT:=8081}\"\necho \"export RCT_METRO_PORT=${RCT_METRO_PORT}\" > \"${SRCROOT}/../node_modules/react-native/scripts/.packager.env\"\nif [ -z \"${RCT_NO_LAUNCH_PACKAGER+xxx}\" ] ; then\n  if nc -w 5 -z localhost ${RCT_METRO_PORT} ; then\n    if ! curl -s \"http://localhost:${RCT_METRO_PORT}/status\" | grep -q \"packager-status:running\" ; then\n      echo \"Port ${RCT_METRO_PORT} already in use, packager is either not running or not running correctly\"\n      exit 2\n    fi\n  else\n    open \"$SRCROOT/../node_modules/react-native/scripts/launchPackager.command\" || echo \"Can't start packager automatically\"\n  fi\nfi\n";
			showEnvVarsInLog = 0;
		};
/* End PBXShellScriptBuildPhase section */

/* Begin PBXSourcesBuildPhase section */
		00E356EA1AD99517003FC87E /* Sources */ = {
			isa = PBXSourcesBuildPhase;
			buildActionMask = 2147483647;
			files = (
				00E356F31AD99517003FC87E /* digitalwalletTests.m in Sources */,
			);
			runOnlyForDeploymentPostprocessing = 0;
		};
		13B07F871A680F5B00A75B9A /* Sources */ = {
			isa = PBXSourcesBuildPhase;
			buildActionMask = 2147483647;
			files = (
				13B07FBC1A68108700A75B9A /* AppDelegate.m in Sources */,
				13B07FC11A68108700A75B9A /* main.m in Sources */,
			);
			runOnlyForDeploymentPostprocessing = 0;
		};
/* End PBXSourcesBuildPhase section */

/* Begin PBXTargetDependency section */
		00E356F51AD99517003FC87E /* PBXTargetDependency */ = {
			isa = PBXTargetDependency;
			target = 13B07F861A680F5B00A75B9A /* digitalwallet */;
			targetProxy = 00E356F41AD99517003FC87E /* PBXContainerItemProxy */;
		};
/* End PBXTargetDependency section */

/* Begin XCBuildConfiguration section */
		00E356F61AD99517003FC87E /* Debug */ = {
			isa = XCBuildConfiguration;
			buildSettings = {
				BUNDLE_LOADER = "$(TEST_HOST)";
				GCC_PREPROCESSOR_DEFINITIONS = (
					"DEBUG=1",
					"$(inherited)",
				);
				INFOPLIST_FILE = digitalwalletTests/Info.plist;
				IPHONEOS_DEPLOYMENT_TARGET = 10.0;
				LD_RUNPATH_SEARCH_PATHS = (
					"$(inherited)",
					"@executable_path/Frameworks",
					"@loader_path/Frameworks",
				);
				OTHER_LDFLAGS = (
					"-ObjC",
					"-lc++",
					"$(inherited)",
				);
				PRODUCT_BUNDLE_IDENTIFIER = "org.reactjs.native.example.$(PRODUCT_NAME:rfc1034identifier)";
				PRODUCT_NAME = "$(TARGET_NAME)";
				TEST_HOST = "$(BUILT_PRODUCTS_DIR)/digitalwallet.app/digitalwallet";
			};
			name = Debug;
		};
		00E356F71AD99517003FC87E /* Release */ = {
			isa = XCBuildConfiguration;
			buildSettings = {
				BUNDLE_LOADER = "$(TEST_HOST)";
				COPY_PHASE_STRIP = NO;
				INFOPLIST_FILE = digitalwalletTests/Info.plist;
				IPHONEOS_DEPLOYMENT_TARGET = 10.0;
				LD_RUNPATH_SEARCH_PATHS = (
					"$(inherited)",
					"@executable_path/Frameworks",
					"@loader_path/Frameworks",
				);
				OTHER_LDFLAGS = (
					"-ObjC",
					"-lc++",
					"$(inherited)",
				);
				PRODUCT_BUNDLE_IDENTIFIER = "org.reactjs.native.example.$(PRODUCT_NAME:rfc1034identifier)";
				PRODUCT_NAME = "$(TARGET_NAME)";
				TEST_HOST = "$(BUILT_PRODUCTS_DIR)/digitalwallet.app/digitalwallet";
			};
			name = Release;
		};
		13B07F941A680F5B00A75B9A /* Debug */ = {
			isa = XCBuildConfiguration;
			buildSettings = {
				ASSETCATALOG_COMPILER_APPICON_NAME = AppIcon;
				CLANG_ENABLE_MODULES = YES;
				CURRENT_PROJECT_VERSION = 1;
				ENABLE_BITCODE = NO;
				INFOPLIST_FILE = digitalwallet/Info.plist;
				LD_RUNPATH_SEARCH_PATHS = (
					"$(inherited)",
					"@executable_path/Frameworks",
				);
				OTHER_LDFLAGS = (
					"$(inherited)",
					"-ObjC",
					"-lc++",
				);
				PRODUCT_BUNDLE_IDENTIFIER = "org.reactjs.native.example.$(PRODUCT_NAME:rfc1034identifier)";
				PRODUCT_NAME = digitalwallet;
				SWIFT_OPTIMIZATION_LEVEL = "-Onone";
				SWIFT_VERSION = 5.0;
				VERSIONING_SYSTEM = "apple-generic";
			};
			name = Debug;
		};
		13B07F951A680F5B00A75B9A /* Release */ = {
			isa = XCBuildConfiguration;
			buildSettings = {
				ASSETCATALOG_COMPILER_APPICON_NAME = AppIcon;
				CLANG_ENABLE_MODULES = YES;
				CURRENT_PROJECT_VERSION = 1;
				INFOPLIST_FILE = digitalwallet/Info.plist;
				LD_RUNPATH_SEARCH_PATHS = (
					"$(inherited)",
					"@executable_path/Frameworks",
				);
				OTHER_LDFLAGS = (
					"$(inherited)",
					"-ObjC",
					"-lc++",
				);
				PRODUCT_BUNDLE_IDENTIFIER = "org.reactjs.native.example.$(PRODUCT_NAME:rfc1034identifier)";
				PRODUCT_NAME = digitalwallet;
				SWIFT_VERSION = 5.0;
				VERSIONING_SYSTEM = "apple-generic";
			};
			name = Release;
		};
		83CBBA201A601CBA00E9B192 /* Debug */ = {
			isa = XCBuildConfiguration;
			buildSettings = {
				ALWAYS_SEARCH_USER_PATHS = NO;
				CLANG_ANALYZER_LOCALIZABILITY_NONLOCALIZED = YES;
				CLANG_CXX_LANGUAGE_STANDARD = "gnu++0x";
				CLANG_CXX_LIBRARY = "libc++";
				CLANG_ENABLE_MODULES = YES;
				CLANG_ENABLE_OBJC_ARC = YES;
				CLANG_WARN_BLOCK_CAPTURE_AUTORELEASING = YES;
				CLANG_WARN_BOOL_CONVERSION = YES;
				CLANG_WARN_COMMA = YES;
				CLANG_WARN_CONSTANT_CONVERSION = YES;
				CLANG_WARN_DEPRECATED_OBJC_IMPLEMENTATIONS = YES;
				CLANG_WARN_DIRECT_OBJC_ISA_USAGE = YES_ERROR;
				CLANG_WARN_EMPTY_BODY = YES;
				CLANG_WARN_ENUM_CONVERSION = YES;
				CLANG_WARN_INFINITE_RECURSION = YES;
				CLANG_WARN_INT_CONVERSION = YES;
				CLANG_WARN_NON_LITERAL_NULL_CONVERSION = YES;
				CLANG_WARN_OBJC_IMPLICIT_RETAIN_SELF = YES;
				CLANG_WARN_OBJC_LITERAL_CONVERSION = YES;
				CLANG_WARN_OBJC_ROOT_CLASS = YES_ERROR;
				CLANG_WARN_QUOTED_INCLUDE_IN_FRAMEWORK_HEADER = YES;
				CLANG_WARN_RANGE_LOOP_ANALYSIS = YES;
				CLANG_WARN_STRICT_PROTOTYPES = YES;
				CLANG_WARN_SUSPICIOUS_MOVE = YES;
				CLANG_WARN_UNREACHABLE_CODE = YES;
				CLANG_WARN__DUPLICATE_METHOD_MATCH = YES;
				"CODE_SIGN_IDENTITY[sdk=iphoneos*]" = "iPhone Developer";
				COPY_PHASE_STRIP = NO;
				ENABLE_STRICT_OBJC_MSGSEND = YES;
				ENABLE_TESTABILITY = YES;
				GCC_C_LANGUAGE_STANDARD = gnu99;
				GCC_DYNAMIC_NO_PIC = NO;
				GCC_NO_COMMON_BLOCKS = YES;
				GCC_OPTIMIZATION_LEVEL = 0;
				GCC_PREPROCESSOR_DEFINITIONS = (
					"DEBUG=1",
					"$(inherited)",
				);
				GCC_SYMBOLS_PRIVATE_EXTERN = NO;
				GCC_WARN_64_TO_32_BIT_CONVERSION = YES;
				GCC_WARN_ABOUT_RETURN_TYPE = YES_ERROR;
				GCC_WARN_UNDECLARED_SELECTOR = YES;
				GCC_WARN_UNINITIALIZED_AUTOS = YES_AGGRESSIVE;
				GCC_WARN_UNUSED_FUNCTION = YES;
				GCC_WARN_UNUSED_VARIABLE = YES;
				IPHONEOS_DEPLOYMENT_TARGET = 10.0;
				LD_RUNPATH_SEARCH_PATHS = (
					/usr/lib/swift,
					"$(inherited)",
				);
				LIBRARY_SEARCH_PATHS = (
					"\"$(TOOLCHAIN_DIR)/usr/lib/swift/$(PLATFORM_NAME)\"",
					"\"$(TOOLCHAIN_DIR)/usr/lib/swift-5.0/$(PLATFORM_NAME)\"",
					"\"$(inherited)\"",
				);
				MTL_ENABLE_DEBUG_INFO = YES;
				ONLY_ACTIVE_ARCH = YES;
				SDKROOT = iphoneos;
			};
			name = Debug;
		};
		83CBBA211A601CBA00E9B192 /* Release */ = {
			isa = XCBuildConfiguration;
			buildSettings = {
				ALWAYS_SEARCH_USER_PATHS = NO;
				CLANG_ANALYZER_LOCALIZABILITY_NONLOCALIZED = YES;
				CLANG_CXX_LANGUAGE_STANDARD = "gnu++0x";
				CLANG_CXX_LIBRARY = "libc++";
				CLANG_ENABLE_MODULES = YES;
				CLANG_ENABLE_OBJC_ARC = YES;
				CLANG_WARN_BLOCK_CAPTURE_AUTORELEASING = YES;
				CLANG_WARN_BOOL_CONVERSION = YES;
				CLANG_WARN_COMMA = YES;
				CLANG_WARN_CONSTANT_CONVERSION = YES;
				CLANG_WARN_DEPRECATED_OBJC_IMPLEMENTATIONS = YES;
				CLANG_WARN_DIRECT_OBJC_ISA_USAGE = YES_ERROR;
				CLANG_WARN_EMPTY_BODY = YES;
				CLANG_WARN_ENUM_CONVERSION = YES;
				CLANG_WARN_INFINITE_RECURSION = YES;
				CLANG_WARN_INT_CONVERSION = YES;
				CLANG_WARN_NON_LITERAL_NULL_CONVERSION = YES;
				CLANG_WARN_OBJC_IMPLICIT_RETAIN_SELF = YES;
				CLANG_WARN_OBJC_LITERAL_CONVERSION = YES;
				CLANG_WARN_OBJC_ROOT_CLASS = YES_ERROR;
				CLANG_WARN_QUOTED_INCLUDE_IN_FRAMEWORK_HEADER = YES;
				CLANG_WARN_RANGE_LOOP_ANALYSIS = YES;
				CLANG_WARN_STRICT_PROTOTYPES = YES;
				CLANG_WARN_SUSPICIOUS_MOVE = YES;
				CLANG_WARN_UNREACHABLE_CODE = YES;
				CLANG_WARN__DUPLICATE_METHOD_MATCH = YES;
				"CODE_SIGN_IDENTITY[sdk=iphoneos*]" = "iPhone Developer";
				COPY_PHASE_STRIP = YES;
				ENABLE_NS_ASSERTIONS = NO;
				ENABLE_STRICT_OBJC_MSGSEND = YES;
				GCC_C_LANGUAGE_STANDARD = gnu99;
				GCC_NO_COMMON_BLOCKS = YES;
				GCC_WARN_64_TO_32_BIT_CONVERSION = YES;
				GCC_WARN_ABOUT_RETURN_TYPE = YES_ERROR;
				GCC_WARN_UNDECLARED_SELECTOR = YES;
				GCC_WARN_UNINITIALIZED_AUTOS = YES_AGGRESSIVE;
				GCC_WARN_UNUSED_FUNCTION = YES;
				GCC_WARN_UNUSED_VARIABLE = YES;
				IPHONEOS_DEPLOYMENT_TARGET = 10.0;
				LD_RUNPATH_SEARCH_PATHS = (
					/usr/lib/swift,
					"$(inherited)",
				);
				LIBRARY_SEARCH_PATHS = (
					"\"$(TOOLCHAIN_DIR)/usr/lib/swift/$(PLATFORM_NAME)\"",
					"\"$(TOOLCHAIN_DIR)/usr/lib/swift-5.0/$(PLATFORM_NAME)\"",
					"\"$(inherited)\"",
				);
				MTL_ENABLE_DEBUG_INFO = NO;
				SDKROOT = iphoneos;
				VALIDATE_PRODUCT = YES;
			};
			name = Release;
		};
/* End XCBuildConfiguration section */

/* Begin XCConfigurationList section */
		00E357021AD99517003FC87E /* Build configuration list for PBXNativeTarget "digitalwalletTests" */ = {
			isa = XCConfigurationList;
			buildConfigurations = (
				00E356F61AD99517003FC87E /* Debug */,
				00E356F71AD99517003FC87E /* Release */,
			);
			defaultConfigurationIsVisible = 0;
			defaultConfigurationName = Release;
		};
		13B07F931A680F5B00A75B9A /* Build configuration list for PBXNativeTarget "digitalwallet" */ = {
			isa = XCConfigurationList;
			buildConfigurations = (
				13B07F941A680F5B00A75B9A /* Debug */,
				13B07F951A680F5B00A75B9A /* Release */,
			);
			defaultConfigurationIsVisible = 0;
			defaultConfigurationName = Release;
		};
		83CBB9FA1A601CBA00E9B192 /* Build configuration list for PBXProject "digitalwallet" */ = {
			isa = XCConfigurationList;
			buildConfigurations = (
				83CBBA201A601CBA00E9B192 /* Debug */,
				83CBBA211A601CBA00E9B192 /* Release */,
			);
			defaultConfigurationIsVisible = 0;
			defaultConfigurationName = Release;
		};
/* End XCConfigurationList section */
	};
	rootObject = 83CBB9F71A601CBA00E9B192 /* Project object */;
}
